# This file is autogenerated, do not edit; changes may be undone by the next 'dep ensure'.


[[projects]]
  branch = "master"
  digest = "1:c9ef1fba766e914747fa05a9947a6312fb0ee0ddb89218b1d96dd28b5d17b67e"
  name = "git.schwanenlied.me/yawning/aez.git"
  packages = ["."]
  pruneopts = "UT"
  revision = "ec7426b4492636b9b39cb6e173e7423500107163"

[[projects]]
  branch = "master"
  digest = "1:10d8383417d29f66c2a6ac719853cd0ba90bbc2eb0a26b86ca2a6f6a8376b4a8"
  name = "git.schwanenlied.me/yawning/avl.git"
  packages = ["."]
  pruneopts = "UT"
  revision = "04c7c776e3914c0822035b41af4e9b1b710b0c8c"

[[projects]]
  branch = "master"
  digest = "1:373e018e58ef772768c7839b51ce1a24952b6dd322036c9d4ac19806e5d7a675"
  name = "git.schwanenlied.me/yawning/bloom.git"
  packages = ["."]
  pruneopts = "UT"
  revision = "44d6c5c71ed1f628f2846e98daf730de9191e663"

[[projects]]
  branch = "master"
  digest = "1:9de21014552d022cd20c7886cfa82bf71a011115ff6e9463e059917460050141"
  name = "git.schwanenlied.me/yawning/bsaes.git"
  packages = [
    ".",
    "ct32",
    "ct64",
    "ghash",
    "internal/modes",
  ]
  pruneopts = "UT"
  revision = "26d1add596b6d800bdeeb3bc3b2c7b316c056b6d"

[[projects]]
  branch = "master"
  digest = "1:8fa55a6e302771a90a86ceae1ca3c0df4ef15d21092198e8313f61dde9eea963"
  name = "git.schwanenlied.me/yawning/chacha20"
  packages = ["."]
  pruneopts = "UT"
  revision = "e3b1f968fc6397b51d963fee8ec8711a47bc0ce8"

[[projects]]
  branch = "master"
  digest = "1:8fa55a6e302771a90a86ceae1ca3c0df4ef15d21092198e8313f61dde9eea963"
  name = "git.schwanenlied.me/yawning/chacha20.git"
  packages = ["."]
  pruneopts = "UT"
  revision = "e3b1f968fc6397b51d963fee8ec8711a47bc0ce8"

[[projects]]
  branch = "master"
  digest = "1:4ef6b3e83b255ec37b8b9c5db0430ac8ddd94ae4452b50910d09fd724c6cee15"
  name = "git.schwanenlied.me/yawning/newhope.git"
  packages = ["."]
  pruneopts = "UT"
  revision = "9598792ba8f205d72c9b5b639b0d2827cbb7d8b9"

[[projects]]
  digest = "1:9f3b30d9f8e0d7040f729b82dcbc8f0dead820a133b3147ce355fc451f32d761"
  name = "github.com/BurntSushi/toml"
  packages = ["."]
  pruneopts = "UT"
  revision = "3012a1dbe2e4bd1391d42b32f0577cb7bbc7f005"
  version = "v0.3.1"

[[projects]]
  branch = "master"
  digest = "1:5699a1540433914320cef63d1afc814e0632c8e7ec5954c37b0fc07a614bf149"
  name = "github.com/agl/ed25519"
  packages = [
    "edwards25519",
    "extra25519",
  ]
  pruneopts = "UT"
  revision = "5312a61534124124185d41f09206b9fef1d88403"

[[projects]]
  digest = "1:f2ac2c724fc8214bb7b9dd6d4f5b7a983152051f5133320f228557182263cb94"
  name = "github.com/coreos/bbolt"
  packages = ["."]
  pruneopts = "UT"
  revision = "a0458a2b35708eef59eb5f620ceb3cd1c01a824d"
  version = "v1.3.3"

[[projects]]
  digest = "1:ffe9824d294da03b391f44e1ae8281281b4afc1bdaa9588c9097785e3af10cec"
  name = "github.com/davecgh/go-spew"
  packages = ["spew"]
  pruneopts = "UT"
  revision = "8991bc29aa16c548c550c7ff78260e27b9ab7c73"
  version = "v1.1.1"

[[projects]]
  digest = "1:1e9a0ec4f7e852123fefad9aadd7647eed1e9fd3716118e99a4b3dc463705c82"
  name = "github.com/dchest/siphash"
  packages = ["."]
  pruneopts = "UT"
  revision = "34f201214d993633bb24f418ba11736ab8b55aa7"
  version = "v1.2.1"

[[projects]]
  digest = "1:444b82bfe35c83bbcaf84e310fb81a1f9ece03edfed586483c869e2c046aef69"
  name = "github.com/eapache/queue"
  packages = ["."]
  pruneopts = "UT"
  revision = "44cc805cf13205b55f69e14bcb69867d1ae92f98"
  version = "v1.1.0"

[[projects]]
  digest = "1:6a5edb6e9ad91f22d33e01739bbabea324fed674c40bc4f7d60adb48235e8b48"
  name = "github.com/jackc/pgx"
  packages = [
    ".",
    "chunkreader",
    "internal/sanitize",
    "pgio",
    "pgproto3",
    "pgtype",
  ]
  pruneopts = "UT"
  revision = "c59c9cac59ab95eceb0c12ff338923c62f411ea2"
  version = "v3.3.0"

[[projects]]
  digest = "1:269ff1482abecf27ea81581f31f18b71ccc06ec0f65249b8d440476079ede4a9"
  name = "github.com/katzenpost/authority"
  packages = [
    "internal/s11n",
    "nonvoting/client",
    "nonvoting/server",
    "nonvoting/server/config",
    "voting/client",
    "voting/server",
    "voting/server/config",
  ]
  pruneopts = "UT"
  revision = "aa75bd36c6debca9e28363ef7d45af3d1d3c2e7f"
  version = "v0.0.8"

[[projects]]
  digest = "1:64cb8fea10c46362812f143389d7f78f1ed23dbeaf88b7a733162e29d6b24b9f"
  name = "github.com/katzenpost/core"
  packages = [
    "constants",
    "crypto/cert",
    "crypto/ecdh",
    "crypto/eddsa",
    "crypto/rand",
    "epochtime",
    "log",
    "monotime",
    "pki",
    "queue",
    "sphinx",
    "sphinx/commands",
    "sphinx/constants",
    "sphinx/internal/crypto",
    "sphinx/path",
    "thwack",
    "utils",
    "wire",
    "wire/commands",
    "worker",
  ]
  pruneopts = "UT"
  revision = "c69b5362029448e54320a6523b4d512a581ad994"
  version = "v0.0.7"

[[projects]]
  branch = "master"
  digest = "1:00ffbc3f922d0b81273b8f9c5517f85b43193d52fcb995460668fee37c31c286"
  name = "github.com/katzenpost/noise"
  packages = ["."]
  pruneopts = "UT"
  revision = "a6bec72d870aedede0aac380c6c55af0866fad74"

[[projects]]
  digest = "1:387dd23d6ad1801e3ed19bfa4918ec005f708ac21e2a6a43b00131f284c8824f"
  name = "github.com/katzenpost/server"
  packages = [
    ".",
    "cborplugin",
    "config",
    "internal/constants",
    "internal/cryptoworker",
    "internal/debug",
    "internal/decoy",
    "internal/glue",
    "internal/incoming",
    "internal/mixkey",
    "internal/outgoing",
    "internal/packet",
    "internal/pki",
    "internal/pkicache",
    "internal/provider",
    "internal/provider/kaetzchen",
    "internal/scheduler",
    "internal/sqldb",
    "registration",
    "spool",
    "spool/boltspool",
    "userdb",
    "userdb/boltuserdb",
    "userdb/externuserdb",
  ]
  pruneopts = "UT"
  revision = "1783439eb761b2bba99f8c07212db4653b96dc4c"
  version = "v0.0.7"

[[projects]]
  digest = "1:cf31692c14422fa27c83a05292eb5cbe0fb2775972e8f1f8446a71549bd8980b"
  name = "github.com/pkg/errors"
  packages = ["."]
  pruneopts = "UT"
  revision = "ba968bfe8b2f7e042a574c888954fccecfa385b4"
  version = "v0.8.1"

[[projects]]
  digest = "1:0028cb19b2e4c3112225cd871870f2d9cf49b9b4276531f03438a88e94be86fe"
  name = "github.com/pmezard/go-difflib"
  packages = ["difflib"]
  pruneopts = "UT"
  revision = "792786c7400a136282c1664665ae0a8db921c6c2"
  version = "v1.0.0"

[[projects]]
  digest = "1:972c2427413d41a1e06ca4897e8528e5a1622894050e2f527b38ddf0f343f759"
  name = "github.com/stretchr/testify"
  packages = ["assert"]
  pruneopts = "UT"
  revision = "ffdc059bfe9ce6a4e144ba849dbedead332c6053"
  version = "v1.3.0"

[[projects]]
  digest = "1:5a1cf4e370bc86137b58da2ae065e76526d32b11f62a7665f36dbd5f41fa95ff"
  name = "github.com/ugorji/go"
  packages = ["codec"]
  pruneopts = "UT"
  revision = "23ab95ef5dc3b70286760af84ce2327a2b64ed62"
  version = "v1.1.7"

[[projects]]
  branch = "master"
  digest = "1:5cdf15c8d6179458e9cb6f7ac5c8f791b5c7c2586bee7cd726edd2705a204ed7"
  name = "golang.org/x/crypto"
  packages = [
    "blake2b",
    "blake2s",
    "chacha20poly1305",
    "curve25519",
    "ed25519",
    "ed25519/internal/edwards25519",
    "internal/chacha20",
    "internal/subtle",
    "poly1305",
    "sha3",
  ]
  pruneopts = "UT"
  revision = "4def268fd1a49955bfb3dda92fe3db4f924f2285"

[[projects]]
  branch = "master"
  digest = "1:15a159ca3e34c429f800dd822cbb37707e98552c9523b8d07fdd244dba62f04b"
  name = "golang.org/x/net"
  packages = ["idna"]
  pruneopts = "UT"
  revision = "da137c7871d730100384dbcf36e6f8fa493aef5b"

[[projects]]
  branch = "master"
  digest = "1:6f7b102dfe61016b45aa051b96413e36cc2eff446b61249fdf723dd8e24d308b"
  name = "golang.org/x/sys"
  packages = [
    "cpu",
    "unix",
  ]
  pruneopts = "UT"
  revision = "04f50cda93cbb67f2afa353c52f342100e80e625"

[[projects]]
  digest = "1:5f1559c4cee44069f81517430ebba19589869f3d4d4648213a4d5ddd199b11d8"
  name = "golang.org/x/text"
  packages = [
    "cases",
    "collate",
    "collate/build",
    "internal",
    "internal/colltab",
    "internal/gen",
    "internal/language",
    "internal/language/compact",
    "internal/tag",
    "internal/triegen",
    "internal/ucd",
    "language",
    "runes",
    "secure/bidirule",
    "secure/precis",
    "transform",
    "unicode/bidi",
    "unicode/cldr",
    "unicode/norm",
    "unicode/rangetable",
    "width",
  ]
  pruneopts = "UT"
  revision = "342b2e1fbaa52c93f31447ad2c6abc048c63e475"
  version = "v0.3.2"

[[projects]]
  digest = "1:975a4480c40f2d0b95e1f83d3ec1aa29a2774e80179e08a9a4ba2aab86721b23"
  name = "gopkg.in/eapache/channels.v1"
  packages = ["."]
  pruneopts = "UT"
  revision = "47238d5aae8c0fefd518ef2bee46290909cf8263"
  version = "v1.1.0"

[[projects]]
  digest = "1:5b3b29ce0e569f62935d9541dff2e16cc09df981ebde48e82259076a73a3d0c7"
  name = "gopkg.in/op/go-logging.v1"
  packages = ["."]
  pruneopts = "UT"
  revision = "b2cb9fa56473e98db8caba80237377e83fe44db5"
  version = "v1"

[solve-meta]
  analyzer-name = "dep"
  analyzer-version = 1
  input-imports = [
    "github.com/coreos/bbolt",
    "github.com/katzenpost/authority/nonvoting/server",
    "github.com/katzenpost/authority/nonvoting/server/config",
    "github.com/katzenpost/authority/voting/server",
    "github.com/katzenpost/authority/voting/server/config",
    "github.com/katzenpost/core/crypto/eddsa",
    "github.com/katzenpost/core/crypto/rand",
    "github.com/katzenpost/server",
    "github.com/katzenpost/server/config",
    "github.com/stretchr/testify/assert",
  ]
  solver-name = "gps-cdcl"
  solver-version = 1
