# This file is autogenerated, do not edit; changes may be undone by the next 'dep ensure'.


[[projects]]
  branch = "master"
  digest = "1:c9ef1fba766e914747fa05a9947a6312fb0ee0ddb89218b1d96dd28b5d17b67e"
  name = "git.schwanenlied.me/yawning/aez.git"
  packages = ["."]
  pruneopts = "UT"
  revision = "ec7426b4492636b9b39cb6e173e7423500107163"

[[projects]]
  branch = "master"
  digest = "1:10d8383417d29f66c2a6ac719853cd0ba90bbc2eb0a26b86ca2a6f6a8376b4a8"
  name = "git.schwanenlied.me/yawning/avl.git"
  packages = ["."]
  pruneopts = "UT"
  revision = "04c7c776e3914c0822035b41af4e9b1b710b0c8c"

[[projects]]
  branch = "master"
  digest = "1:bd30c817f94aba5b9ef97d7c3959055760e97ce490d01171d0e660a461990195"
  name = "git.schwanenlied.me/yawning/bloom.git"
  packages = ["."]
  pruneopts = "UT"
  revision = "b6eb2cf6d29c334a630e6c9f300e6012fb75429e"

[[projects]]
  branch = "master"
  digest = "1:2aa0b1f795439e239bcc469d8e0a60058dcd2ff1aacc8f04c1694f6bac91e049"
  name = "git.schwanenlied.me/yawning/bsaes.git"
  packages = [
    ".",
    "ct32",
    "ct64",
    "ghash",
    "internal/modes",
  ]
  pruneopts = "UT"
  revision = "c0276d75487ef7aceab140c9eb31601dd7d18bd4"

[[projects]]
  branch = "master"
  digest = "1:8fa55a6e302771a90a86ceae1ca3c0df4ef15d21092198e8313f61dde9eea963"
  name = "git.schwanenlied.me/yawning/chacha20.git"
  packages = ["."]
  pruneopts = "UT"
  revision = "e3b1f968fc6397b51d963fee8ec8711a47bc0ce8"

[[projects]]
  branch = "master"
  digest = "1:4ef6b3e83b255ec37b8b9c5db0430ac8ddd94ae4452b50910d09fd724c6cee15"
  name = "git.schwanenlied.me/yawning/newhope.git"
  packages = ["."]
  pruneopts = "UT"
  revision = "9598792ba8f205d72c9b5b639b0d2827cbb7d8b9"

[[projects]]
  digest = "1:b16fbfbcc20645cb419f78325bb2e85ec729b338e996a228124d68931a6f2a37"
  name = "github.com/BurntSushi/toml"
  packages = ["."]
  pruneopts = "UT"
  revision = "b26d9c308763d68093482582cea63d69be07a0f0"
  version = "v0.3.0"

[[projects]]
  branch = "master"
  digest = "1:5699a1540433914320cef63d1afc814e0632c8e7ec5954c37b0fc07a614bf149"
  name = "github.com/agl/ed25519"
  packages = [
    "edwards25519",
    "extra25519",
  ]
  pruneopts = "UT"
  revision = "5312a61534124124185d41f09206b9fef1d88403"

[[projects]]
  digest = "1:3762d59edaa6e5c71d5e594c020c8391f274ff283e9c30fb43c518ec59a3f9b3"
  name = "github.com/coreos/bbolt"
  packages = ["."]
  pruneopts = "UT"
  revision = "7ee3ded59d4835e10f3e7d0f7603c42aa5e83820"
  version = "v1.3.1-etcd.8"

[[projects]]
  digest = "1:2915e1464ca9a9480ed2fb94d6939cdf418525b03b24bfb256486990abd8155a"
  name = "github.com/dchest/siphash"
  packages = ["."]
  pruneopts = "UT"
  revision = "ca249f45189071f5d44dc6401334e3572037b9cb"
  version = "v1.2.0"

[[projects]]
  digest = "1:444b82bfe35c83bbcaf84e310fb81a1f9ece03edfed586483c869e2c046aef69"
  name = "github.com/eapache/queue"
  packages = ["."]
  pruneopts = "UT"
  revision = "44cc805cf13205b55f69e14bcb69867d1ae92f98"
  version = "v1.1.0"

[[projects]]
  digest = "1:4c0989ca0bcd10799064318923b9bc2db6b4d6338dd75f3f2d86c3511aaaf5cf"
  name = "github.com/golang/protobuf"
  packages = [
    "proto",
    "ptypes",
    "ptypes/any",
    "ptypes/duration",
    "ptypes/timestamp",
  ]
  pruneopts = "UT"
  revision = "aa810b61a9c79d51363740d207bb46cf8e620ed5"
  version = "v1.2.0"

[[projects]]
  branch = "master"
  digest = "1:d900a5ae66a3181783dbf38e4a23505cdabd3e8e881c3d49ae8aa498b571b886"
  name = "github.com/hashicorp/go-hclog"
  packages = ["."]
  pruneopts = "UT"
  revision = "e45cbeb79f0411b1cfedd3f226ff69d5d433c762"

[[projects]]
  branch = "master"
  digest = "1:20f78c1cf1b6fe6c55ba1407350d6fc7dc77d1591f8106ba693c28014a1a1b37"
  name = "github.com/hashicorp/go-plugin"
  packages = ["."]
  pruneopts = "UT"
  revision = "a4620f9913d19f03a6bf19b2f304daaaf83ea130"

[[projects]]
  branch = "master"
  digest = "1:a4826c308e84f5f161b90b54a814f0be7d112b80164b9b884698a6903ea47ab3"
  name = "github.com/hashicorp/yamux"
  packages = ["."]
  pruneopts = "UT"
  revision = "7221087c3d281fda5f794e28c2ea4c6e4d5c4558"

[[projects]]
  digest = "1:8dfbec76b4834d96c37ba4c4969fc47c9a15e67c5a7eecfa031fbe67dab50429"
  name = "github.com/jackc/pgx"
  packages = [
    ".",
    "chunkreader",
    "internal/sanitize",
    "pgio",
    "pgproto3",
    "pgtype",
  ]
  pruneopts = "UT"
  revision = "89f1e6ac7276b61d885db5e5aed6fcbedd1c7e31"
  version = "v3.2.0"

[[projects]]
  digest = "1:ecf8493ce747f1b94848abb9187b2efd42470082192c309a2e041d33edc62d39"
  name = "github.com/katzenpost/authority"
  packages = [
    "internal/s11n",
    "nonvoting/client",
    "nonvoting/server",
    "nonvoting/server/config",
    "voting/client",
    "voting/server/config",
  ]
  pruneopts = "UT"
  revision = "60573c04d513bf6e4c9acf6316130a93417c924e"
  version = "v0.0.6"

[[projects]]
  branch = "master"
  digest = "1:d671acb038dfb24db83dce5bf883718248ad1151baec61ebdc9a3a2410a1dc4c"
  name = "github.com/katzenpost/client"
  packages = [
    ".",
    "config",
    "constants",
    "internal/pkiclient",
    "internal/proxy",
    "poisson",
    "session",
    "utils",
  ]
  pruneopts = "UT"
  revision = "e57ca6354a32b7479147e701fd05e729e6f3aa6e"

[[projects]]
  digest = "1:797c4c6bcd10662d6a14127cae879926bd77886da2e98308ffe6a4cc649d78da"
  name = "github.com/katzenpost/core"
  packages = [
    "constants",
    "crypto/cert",
    "crypto/ecdh",
    "crypto/eddsa",
    "crypto/rand",
    "epochtime",
    "log",
    "monotime",
    "pki",
    "queue",
    "sphinx",
    "sphinx/commands",
    "sphinx/constants",
    "sphinx/internal/crypto",
    "sphinx/path",
    "thwack",
    "utils",
    "wire",
    "wire/commands",
    "worker",
  ]
  pruneopts = "UT"
  revision = "2abca1ed235658373bb316f590036865f13e2624"
  version = "v0.0.5"

[[projects]]
  digest = "1:d60232c60dfa94b995859673e585b63e2ef9a9f7910fb792f2d6dfe9a3633ca2"
  name = "github.com/katzenpost/minclient"
  packages = ["."]
  pruneopts = "UT"
  revision = "92610393b47634bf1cdeb2521a3bc70dc43ef9d5"
  version = "v0.0.3"

[[projects]]
  branch = "master"
  digest = "1:25c00047798cbb2153987b965f3d53fa847513eb03961dc249743d3b4d689dda"
  name = "github.com/katzenpost/noise"
  packages = ["."]
  pruneopts = "UT"
  revision = "08e83772a9119dc0b35028bc6d8412dc22b0a9ee"

[[projects]]
  digest = "1:4b7ba6c946794664f88b041ddf26e0a7950e97a418f82505936137e305de8f22"
  name = "github.com/katzenpost/server"
  packages = [
    ".",
    "config",
    "internal/constants",
    "internal/cryptoworker",
    "internal/debug",
    "internal/decoy",
    "internal/glue",
    "internal/incoming",
    "internal/mixkey",
    "internal/outgoing",
    "internal/packet",
    "internal/pki",
    "internal/pkicache",
    "internal/provider",
    "internal/provider/kaetzchen",
    "internal/scheduler",
    "internal/sqldb",
    "plugin",
    "plugin/proto",
    "registration",
    "spool",
    "spool/boltspool",
    "userdb",
    "userdb/boltuserdb",
    "userdb/externuserdb",
  ]
  pruneopts = "UT"
  revision = "dc85897386ae7acd5b108d0f8013f42cf1ebad89"
  version = "v0.0.5"

[[projects]]
  digest = "1:42eb1f52b84a06820cedc9baec2e710bfbda3ee6dac6cdb97f8b9a5066134ec6"
  name = "github.com/mitchellh/go-testing-interface"
  packages = ["."]
  pruneopts = "UT"
  revision = "6d0b8010fcc857872e42fc6c931227569016843c"
  version = "v1.0.0"

[[projects]]
  digest = "1:9ec6cf1df5ad1d55cf41a43b6b1e7e118a91bade4f68ff4303379343e40c0e25"
  name = "github.com/oklog/run"
  packages = ["."]
  pruneopts = "UT"
  revision = "4dadeb3030eda0273a12382bb2348ffc7c9d1a39"
  version = "v1.0.0"

[[projects]]
  digest = "1:40e195917a951a8bf867cd05de2a46aaf1806c50cf92eebf4c16f78cd196f747"
  name = "github.com/pkg/errors"
  packages = ["."]
  pruneopts = "UT"
  revision = "645ef00459ed84a119197bfb8d8205042c6df63d"
  version = "v0.8.0"

[[projects]]
  digest = "1:03aa6e485e528acb119fb32901cf99582c380225fc7d5a02758e08b180cb56c3"
  name = "github.com/ugorji/go"
  packages = ["codec"]
  pruneopts = "UT"
  revision = "b4c50a2b199d93b13dc15e78929cfb23bfdf21ab"
  version = "v1.1.1"

[[projects]]
  branch = "master"
  digest = "1:7d893d6e0d36500d651dea84fd5146de332ac0e05ed692ca52c793753e811572"
  name = "golang.org/x/crypto"
  packages = [
    "blake2b",
    "blake2s",
    "chacha20poly1305",
    "curve25519",
    "ed25519",
    "ed25519/internal/edwards25519",
    "internal/chacha20",
    "internal/subtle",
    "poly1305",
    "sha3",
  ]
  pruneopts = "UT"
  revision = "0e37d006457bf46f9e6692014ba72ef82c33022c"

[[projects]]
  branch = "master"
  digest = "1:2da0deadea2979244e8b56a207c9712125b2fe86e5bf83da2c7776e3d9addfbb"
  name = "golang.org/x/net"
  packages = [
    "context",
    "http/httpguts",
    "http2",
    "http2/hpack",
    "idna",
    "internal/socks",
    "internal/timeseries",
    "proxy",
    "trace",
  ]
  pruneopts = "UT"
  revision = "26e67e76b6c3f6ce91f7c52def5af501b4e0f3a2"

[[projects]]
  branch = "master"
  digest = "1:f154ed6bdd7f4d63e6d9feee4af669d3d0a340f1a5d8d77294e99edd12ba0e22"
  name = "golang.org/x/sys"
  packages = [
    "cpu",
    "unix",
  ]
  pruneopts = "UT"
  revision = "d641721ec2dead6fe5ca284096fe4b1fcd49e427"

[[projects]]
  digest = "1:2b43038ba580394ec711455c92dc9c89f3c29ad758136afe6aef01685ef3b557"
  name = "golang.org/x/text"
  packages = [
    "cases",
    "collate",
    "collate/build",
    "internal",
    "internal/colltab",
    "internal/gen",
    "internal/tag",
    "internal/triegen",
    "internal/ucd",
    "language",
    "runes",
    "secure/bidirule",
    "secure/precis",
    "transform",
    "unicode/bidi",
    "unicode/cldr",
    "unicode/norm",
    "unicode/rangetable",
    "width",
  ]
  pruneopts = "UT"
  revision = "f21a4dfb5e38f5895301dc265a8def02365cc3d0"
  version = "v0.3.0"

[[projects]]
  branch = "master"
  digest = "1:56b0bca90b7e5d1facf5fbdacba23e4e0ce069d25381b8e2f70ef1e7ebfb9c1a"
  name = "google.golang.org/genproto"
  packages = ["googleapis/rpc/status"]
  pruneopts = "UT"
  revision = "c3f76f3b92d1ffa4c58a9ff842a58b8877655e0f"

[[projects]]
  digest = "1:1b6d2676ea895d33cbd1999c75dfc8e25b103c754ccfc66dc06ae845ce3a47bc"
  name = "google.golang.org/grpc"
  packages = [
    ".",
    "balancer",
    "balancer/base",
    "balancer/roundrobin",
    "codes",
    "connectivity",
    "credentials",
    "encoding",
    "encoding/proto",
    "grpclog",
    "health",
    "health/grpc_health_v1",
    "internal",
    "internal/backoff",
    "internal/channelz",
    "internal/envconfig",
    "internal/grpcrand",
    "internal/transport",
    "keepalive",
    "metadata",
    "naming",
    "peer",
    "resolver",
    "resolver/dns",
    "resolver/passthrough",
    "stats",
    "status",
    "tap",
  ]
  pruneopts = "UT"
  revision = "8dea3dc473e90c8179e519d91302d0597c0ca1d1"
  version = "v1.15.0"

[[projects]]
  digest = "1:975a4480c40f2d0b95e1f83d3ec1aa29a2774e80179e08a9a4ba2aab86721b23"
  name = "gopkg.in/eapache/channels.v1"
  packages = ["."]
  pruneopts = "UT"
  revision = "47238d5aae8c0fefd518ef2bee46290909cf8263"
  version = "v1.1.0"

[[projects]]
  digest = "1:5b3b29ce0e569f62935d9541dff2e16cc09df981ebde48e82259076a73a3d0c7"
  name = "gopkg.in/op/go-logging.v1"
  packages = ["."]
  pruneopts = "UT"
  revision = "b2cb9fa56473e98db8caba80237377e83fe44db5"
  version = "v1"

[solve-meta]
  analyzer-name = "dep"
  analyzer-version = 1
  input-imports = [
    "github.com/coreos/bbolt",
    "github.com/katzenpost/authority/nonvoting/server",
    "github.com/katzenpost/authority/nonvoting/server/config",
    "github.com/katzenpost/client",
    "github.com/katzenpost/client/config",
    "github.com/katzenpost/server",
    "github.com/katzenpost/server/config",
  ]
  solver-name = "gps-cdcl"
  solver-version = 1
